
Microsoft Visual Studio Solution File, Format Version 12.00
# Visual Studio Version 16
VisualStudioVersion = 16.0.31019.35
MinimumVisualStudioVersion = 10.0.40219.1
Project("{FAE04EC0-301F-11D3-BF4B-00C04F79EFBC}") = "Superbuchhaltungv3", "Superbuchhaltungv3\Superbuchhaltungv3.csproj", "{626C5B8B-F3D2-4BA7-8C86-C349C0975FBA}"
EndProject
Global
	GlobalSection(SolutionConfigurationPlatforms) = preSolution
		Debug|Any CPU = Debug|Any CPU
		Release|Any CPU = Release|Any CPU
	EndGlobalSection
	GlobalSection(ProjectConfigurationPlatforms) = postSolution
		{626C5B8B-F3D2-4BA7-8C86-C349C0975FBA}.Debug|Any CPU.ActiveCfg = Debug|Any CPU
		{626C5B8B-F3D2-4BA7-8C86-C349C0975FBA}.Debug|Any CPU.Build.0 = Debug|Any CPU
		{626C5B8B-F3D2-4BA7-8C86-C349C0975FBA}.Release|Any CPU.ActiveCfg = Release|Any CPU
		{626C5B8B-F3D2-4BA7-8C86-C349C0975FBA}.Release|Any CPU.Build.0 = Release|Any CPU
	EndGlobalSection
	GlobalSection(SolutionProperties) = preSolution
		HideSolutionNode = FALSE
	EndGlobalSection
	GlobalSection(ExtensibilityGlobals) = postSolution
		SolutionGuid = {26CECBD4-8E5B-4E68-B1A3-1751345C9E11}
	EndGlobalSection
EndGlobal
